PODS:
  - awesome_notifications (0.11.0):
    - Flutter
    - IosAwnCore (~> 0.11.0)
  - Flutter (1.0.0)
  - IosAwnCore (0.11.0)

DEPENDENCIES:
  - awesome_notifications (from `.symlinks/plugins/awesome_notifications/ios`)
  - Flutter (from `Flutter`)

SPEC REPOS:
  trunk:
    - IosAwnCore

EXTERNAL SOURCES:
  awesome_notifications:
    :path: ".symlinks/plugins/awesome_notifications/ios"
  Flutter:
    :path: Flutter

SPEC CHECKSUMS:
  awesome_notifications: 8291dd4082db761556cd8bf7977567f5c960c87e
  Flutter: 71a624a5bc0c04062bf19101d501e466baf2fb47
  IosAwnCore: 32019505f4a4909fa9079ee401b2c82aeeab78a8

PODFILE CHECKSUM: 7080c6e738a3ccc0f8cb7dbd839dbcc2f193f633

COCOAPODS: 1.17.0
